
Microsoft Visual Studio Solution File, Format Version 12.00
# Visual Studio Version 17
VisualStudioVersion = 17.3.32901.215
MinimumVisualStudioVersion = 10.0.40219.1
Project("{FAE04EC0-301F-11D3-BF4B-00C04F79EFBC}") = "BasicProgramming", "BasicProgramming\BasicProgramming.csproj", "{DD81D9B1-A9BC-4200-9C28-B25966251BF0}"
EndProject
Global
	GlobalSection(SolutionConfigurationPlatforms) = preSolution
		Debug|Any CPU = Debug|Any CPU
		Release|Any CPU = Release|Any CPU
	EndGlobalSection
	GlobalSection(ProjectConfigurationPlatforms) = postSolution
		{DD81D9B1-A9BC-4200-9C28-B25966251BF0}.Debug|Any CPU.ActiveCfg = Debug|Any CPU
		{DD81D9B1-A9BC-4200-9C28-B25966251BF0}.Debug|Any CPU.Build.0 = Debug|Any CPU
		{DD81D9B1-A9BC-4200-9C28-B25966251BF0}.Release|Any CPU.ActiveCfg = Release|Any CPU
		{DD81D9B1-A9BC-4200-9C28-B25966251BF0}.Release|Any CPU.Build.0 = Release|Any CPU
	EndGlobalSection
	GlobalSection(SolutionProperties) = preSolution
		HideSolutionNode = FALSE
	EndGlobalSection
	GlobalSection(ExtensibilityGlobals) = postSolution
		SolutionGuid = {F81BDE68-F474-4AD1-81EF-11DFBB8BE6FD}
	EndGlobalSection
EndGlobal
